dependencies:
- name: postgresql
  repository: https://charts.bitnami.com/bitnami
  version: 15.0.0
- name: guacamole
  repository: https://charts.beryju.io
  version: 1.4.1
- name: dagster-cloud-agent
  repository: https://dagster-io.github.io/helm-user-cloud
  version: 1.7.3
- name: redis
  repository: https://charts.bitnami.com/bitnami
  version: 19.1.5
- name: redisinsight
  repository: https://charts.truecharts.org
  version: 7.0.4
digest: sha256:319837be8f3360a298c1e5a45dfc7f680cc7872b02343b560d8cb7c8c417a67b
generated: "2024-05-23T12:23:12.165935673+02:00"
