dependencies:
- name: dagster-cloud-agent
  repository: https://dagster-io.github.io/helm-user-cloud
  version: 1.8.4
- name: cert-manager
  repository: https://charts.jetstack.io
  version: v1.15.3
digest: sha256:0a0d553bab2104de9ed5bd8e8ed299edaa8ce724cec0d8df346abf67d131bb68
generated: "2024-11-07T22:04:56.293584+01:00"
